
Microsoft Visual Studio Solution File, Format Version 12.00
# Visual Studio 14
VisualStudioVersion = 14.0.25420.1
MinimumVisualStudioVersion = 10.0.40219.1
Project("{8BC9CEB8-8B4A-11D0-8D11-00A0C91BC942}") = "ac", "ac\ac.vcxproj", "{AB2A8255-4961-4405-BB0A-3989C4F462AB}"
EndProject
Project("{8BC9CEB8-8B4A-11D0-8D11-00A0C91BC942}") = "core", "core\core.vcxproj", "{37482C3B-3AB4-49BE-97A4-AFAB88132C4A}"
	ProjectSection(ProjectDependencies) = postProject
		{AB2A8255-4961-4405-BB0A-3989C4F462AB} = {AB2A8255-4961-4405-BB0A-3989C4F462AB}
	EndProjectSection
EndProject
Project("{8BC9CEB8-8B4A-11D0-8D11-00A0C91BC942}") = "solver", "solver\solver.vcxproj", "{E8BD7914-101B-4886-A74B-B6E4D6D7AC9B}"
	ProjectSection(ProjectDependencies) = postProject
		{37482C3B-3AB4-49BE-97A4-AFAB88132C4A} = {37482C3B-3AB4-49BE-97A4-AFAB88132C4A}
		{AB2A8255-4961-4405-BB0A-3989C4F462AB} = {AB2A8255-4961-4405-BB0A-3989C4F462AB}
	EndProjectSection
EndProject
Project("{8BC9CEB8-8B4A-11D0-8D11-00A0C91BC942}") = "oratio", "oratio\oratio.vcxproj", "{7821BCB6-26E2-43B1-97A9-FCD1434475A0}"
	ProjectSection(ProjectDependencies) = postProject
		{E8BD7914-101B-4886-A74B-B6E4D6D7AC9B} = {E8BD7914-101B-4886-A74B-B6E4D6D7AC9B}
		{37482C3B-3AB4-49BE-97A4-AFAB88132C4A} = {37482C3B-3AB4-49BE-97A4-AFAB88132C4A}
		{AB2A8255-4961-4405-BB0A-3989C4F462AB} = {AB2A8255-4961-4405-BB0A-3989C4F462AB}
	EndProjectSection
EndProject
Project("{8BC9CEB8-8B4A-11D0-8D11-00A0C91BC942}") = "test", "test\test.vcxproj", "{348E7C60-50A2-40FF-9731-F09D011710E1}"
	ProjectSection(ProjectDependencies) = postProject
		{E8BD7914-101B-4886-A74B-B6E4D6D7AC9B} = {E8BD7914-101B-4886-A74B-B6E4D6D7AC9B}
		{37482C3B-3AB4-49BE-97A4-AFAB88132C4A} = {37482C3B-3AB4-49BE-97A4-AFAB88132C4A}
		{AB2A8255-4961-4405-BB0A-3989C4F462AB} = {AB2A8255-4961-4405-BB0A-3989C4F462AB}
		{7821BCB6-26E2-43B1-97A9-FCD1434475A0} = {7821BCB6-26E2-43B1-97A9-FCD1434475A0}
	EndProjectSection
EndProject
Global
	GlobalSection(SolutionConfigurationPlatforms) = preSolution
		Debug|x64 = Debug|x64
		Debug|x86 = Debug|x86
		Release|x64 = Release|x64
		Release|x86 = Release|x86
	EndGlobalSection
	GlobalSection(ProjectConfigurationPlatforms) = postSolution
		{AB2A8255-4961-4405-BB0A-3989C4F462AB}.Debug|x64.ActiveCfg = Debug|x64
		{AB2A8255-4961-4405-BB0A-3989C4F462AB}.Debug|x64.Build.0 = Debug|x64
		{AB2A8255-4961-4405-BB0A-3989C4F462AB}.Debug|x86.ActiveCfg = Debug|x64
		{AB2A8255-4961-4405-BB0A-3989C4F462AB}.Debug|x86.Build.0 = Debug|x64
		{AB2A8255-4961-4405-BB0A-3989C4F462AB}.Release|x64.ActiveCfg = Debug|x64
		{AB2A8255-4961-4405-BB0A-3989C4F462AB}.Release|x64.Build.0 = Debug|x64
		{AB2A8255-4961-4405-BB0A-3989C4F462AB}.Release|x86.ActiveCfg = Debug|x64
		{AB2A8255-4961-4405-BB0A-3989C4F462AB}.Release|x86.Build.0 = Debug|x64
		{37482C3B-3AB4-49BE-97A4-AFAB88132C4A}.Debug|x64.ActiveCfg = Debug|x64
		{37482C3B-3AB4-49BE-97A4-AFAB88132C4A}.Debug|x64.Build.0 = Debug|x64
		{37482C3B-3AB4-49BE-97A4-AFAB88132C4A}.Debug|x86.ActiveCfg = Debug|x64
		{37482C3B-3AB4-49BE-97A4-AFAB88132C4A}.Debug|x86.Build.0 = Debug|x64
		{37482C3B-3AB4-49BE-97A4-AFAB88132C4A}.Release|x64.ActiveCfg = Debug|x64
		{37482C3B-3AB4-49BE-97A4-AFAB88132C4A}.Release|x64.Build.0 = Debug|x64
		{37482C3B-3AB4-49BE-97A4-AFAB88132C4A}.Release|x86.ActiveCfg = Debug|x64
		{37482C3B-3AB4-49BE-97A4-AFAB88132C4A}.Release|x86.Build.0 = Debug|x64
		{E8BD7914-101B-4886-A74B-B6E4D6D7AC9B}.Debug|x64.ActiveCfg = Debug|x64
		{E8BD7914-101B-4886-A74B-B6E4D6D7AC9B}.Debug|x64.Build.0 = Debug|x64
		{E8BD7914-101B-4886-A74B-B6E4D6D7AC9B}.Debug|x86.ActiveCfg = Debug|Win32
		{E8BD7914-101B-4886-A74B-B6E4D6D7AC9B}.Debug|x86.Build.0 = Debug|Win32
		{E8BD7914-101B-4886-A74B-B6E4D6D7AC9B}.Release|x64.ActiveCfg = Debug|x64
		{E8BD7914-101B-4886-A74B-B6E4D6D7AC9B}.Release|x64.Build.0 = Debug|x64
		{E8BD7914-101B-4886-A74B-B6E4D6D7AC9B}.Release|x86.ActiveCfg = Release|Win32
		{E8BD7914-101B-4886-A74B-B6E4D6D7AC9B}.Release|x86.Build.0 = Release|Win32
		{7821BCB6-26E2-43B1-97A9-FCD1434475A0}.Debug|x64.ActiveCfg = Debug|x64
		{7821BCB6-26E2-43B1-97A9-FCD1434475A0}.Debug|x64.Build.0 = Debug|x64
		{7821BCB6-26E2-43B1-97A9-FCD1434475A0}.Debug|x86.ActiveCfg = Debug|Win32
		{7821BCB6-26E2-43B1-97A9-FCD1434475A0}.Debug|x86.Build.0 = Debug|Win32
		{7821BCB6-26E2-43B1-97A9-FCD1434475A0}.Release|x64.ActiveCfg = Debug|x64
		{7821BCB6-26E2-43B1-97A9-FCD1434475A0}.Release|x64.Build.0 = Debug|x64
		{7821BCB6-26E2-43B1-97A9-FCD1434475A0}.Release|x86.ActiveCfg = Release|Win32
		{7821BCB6-26E2-43B1-97A9-FCD1434475A0}.Release|x86.Build.0 = Release|Win32
		{348E7C60-50A2-40FF-9731-F09D011710E1}.Debug|x64.ActiveCfg = Debug|x64
		{348E7C60-50A2-40FF-9731-F09D011710E1}.Debug|x64.Build.0 = Debug|x64
		{348E7C60-50A2-40FF-9731-F09D011710E1}.Debug|x86.ActiveCfg = Debug|Win32
		{348E7C60-50A2-40FF-9731-F09D011710E1}.Debug|x86.Build.0 = Debug|Win32
		{348E7C60-50A2-40FF-9731-F09D011710E1}.Release|x64.ActiveCfg = Release|x64
		{348E7C60-50A2-40FF-9731-F09D011710E1}.Release|x64.Build.0 = Release|x64
		{348E7C60-50A2-40FF-9731-F09D011710E1}.Release|x86.ActiveCfg = Release|Win32
		{348E7C60-50A2-40FF-9731-F09D011710E1}.Release|x86.Build.0 = Release|Win32
	EndGlobalSection
	GlobalSection(SolutionProperties) = preSolution
		HideSolutionNode = FALSE
	EndGlobalSection
EndGlobal
