<?xml version="1.0" encoding="utf-8"?>
<Project ToolsVersion="4.0" xmlns="http://schemas.microsoft.com/developer/msbuild/2003">
  <ItemGroup>
    <Filter Include="Source Files">
      <UniqueIdentifier>{4FC737F1-C7A5-4376-A066-2A32D752A2FF}</UniqueIdentifier>
      <Extensions>cpp;c;cc;cxx;def;odl;idl;hpj;bat;asm;asmx</Extensions>
    </Filter>
    <Filter Include="Header Files">
      <UniqueIdentifier>{93995380-89BD-4b04-88EB-625FBE52EBFB}</UniqueIdentifier>
      <Extensions>h;hh;hpp;hxx;hm;inl;inc;xsd</Extensions>
    </Filter>
    <Filter Include="Resource Files">
      <UniqueIdentifier>{67DA6AB6-F800-4c08-8B7A-83BB121AAD01}</UniqueIdentifier>
      <Extensions>rc;ico;cur;bmp;dlg;rc2;rct;bin;rgs;gif;jpg;jpeg;jpe;resx;tiff;tif;png;wav;mfcribbon-ms</Extensions>
    </Filter>
    <Filter Include="Header Files\parser">
      <UniqueIdentifier>{e121c536-2e32-4767-9452-75a6e03d3bc8}</UniqueIdentifier>
    </Filter>
    <Filter Include="Source Files\parser">
      <UniqueIdentifier>{06de5233-477c-4852-b3df-dc077b95a682}</UniqueIdentifier>
    </Filter>
    <Filter Include="Resource Files\parser">
      <UniqueIdentifier>{55ca2576-4d85-41dc-820c-7b7505a605c4}</UniqueIdentifier>
    </Filter>
  </ItemGroup>
  <ItemGroup>
    <ClInclude Include="atom.h">
      <Filter>Header Files</Filter>
    </ClInclude>
    <ClInclude Include="constructor.h">
      <Filter>Header Files</Filter>
    </ClInclude>
    <ClInclude Include="core.h">
      <Filter>Header Files</Filter>
    </ClInclude>
    <ClInclude Include="disjunction.h">
      <Filter>Header Files</Filter>
    </ClInclude>
    <ClInclude Include="env.h">
      <Filter>Header Files</Filter>
    </ClInclude>
    <ClInclude Include="field.h">
      <Filter>Header Files</Filter>
    </ClInclude>
    <ClInclude Include="item.h">
      <Filter>Header Files</Filter>
    </ClInclude>
    <ClInclude Include="method.h">
      <Filter>Header Files</Filter>
    </ClInclude>
    <ClInclude Include="predicate.h">
      <Filter>Header Files</Filter>
    </ClInclude>
    <ClInclude Include="scope.h">
      <Filter>Header Files</Filter>
    </ClInclude>
    <ClInclude Include="type.h">
      <Filter>Header Files</Filter>
    </ClInclude>
    <ClInclude Include="parser\default_constructor.h">
      <Filter>Header Files\parser</Filter>
    </ClInclude>
    <ClInclude Include="parser\defined_conjunction.h">
      <Filter>Header Files\parser</Filter>
    </ClInclude>
    <ClInclude Include="parser\defined_constructor.h">
      <Filter>Header Files\parser</Filter>
    </ClInclude>
    <ClInclude Include="parser\defined_method.h">
      <Filter>Header Files\parser</Filter>
    </ClInclude>
    <ClInclude Include="parser\defined_predicate.h">
      <Filter>Header Files\parser</Filter>
    </ClInclude>
    <ClInclude Include="parser\enum_type.h">
      <Filter>Header Files\parser</Filter>
    </ClInclude>
    <ClInclude Include="parser\expression_visitor.h">
      <Filter>Header Files\parser</Filter>
    </ClInclude>
    <ClInclude Include="parser\instantiated_field.h">
      <Filter>Header Files\parser</Filter>
    </ClInclude>
    <ClInclude Include="parser\oRatioBaseListener.h">
      <Filter>Header Files\parser</Filter>
    </ClInclude>
    <ClInclude Include="parser\oRatioBaseVisitor.h">
      <Filter>Header Files\parser</Filter>
    </ClInclude>
    <ClInclude Include="parser\oRatioLexer.h">
      <Filter>Header Files\parser</Filter>
    </ClInclude>
    <ClInclude Include="parser\oRatioListener.h">
      <Filter>Header Files\parser</Filter>
    </ClInclude>
    <ClInclude Include="parser\oRatioParser.h">
      <Filter>Header Files\parser</Filter>
    </ClInclude>
    <ClInclude Include="parser\oRatioVisitor.h">
      <Filter>Header Files\parser</Filter>
    </ClInclude>
    <ClInclude Include="parser\parser.h">
      <Filter>Header Files\parser</Filter>
    </ClInclude>
    <ClInclude Include="parser\statement_visitor.h">
      <Filter>Header Files\parser</Filter>
    </ClInclude>
    <ClInclude Include="parser\type_declaration_listener.h">
      <Filter>Header Files\parser</Filter>
    </ClInclude>
    <ClInclude Include="parser\type_refinement_listener.h">
      <Filter>Header Files\parser</Filter>
    </ClInclude>
    <ClInclude Include="parser\type_visitor.h">
      <Filter>Header Files\parser</Filter>
    </ClInclude>
    <ClInclude Include="parser\typedef_type.h">
      <Filter>Header Files\parser</Filter>
    </ClInclude>
  </ItemGroup>
  <ItemGroup>
    <ClCompile Include="atom.cpp">
      <Filter>Source Files</Filter>
    </ClCompile>
    <ClCompile Include="constructor.cpp">
      <Filter>Source Files</Filter>
    </ClCompile>
    <ClCompile Include="core.cpp">
      <Filter>Source Files</Filter>
    </ClCompile>
    <ClCompile Include="disjunction.cpp">
      <Filter>Source Files</Filter>
    </ClCompile>
    <ClCompile Include="env.cpp">
      <Filter>Source Files</Filter>
    </ClCompile>
    <ClCompile Include="field.cpp">
      <Filter>Source Files</Filter>
    </ClCompile>
    <ClCompile Include="item.cpp">
      <Filter>Source Files</Filter>
    </ClCompile>
    <ClCompile Include="method.cpp">
      <Filter>Source Files</Filter>
    </ClCompile>
    <ClCompile Include="predicate.cpp">
      <Filter>Source Files</Filter>
    </ClCompile>
    <ClCompile Include="scope.cpp">
      <Filter>Source Files</Filter>
    </ClCompile>
    <ClCompile Include="type.cpp">
      <Filter>Source Files</Filter>
    </ClCompile>
    <ClCompile Include="parser\default_constructor.cpp">
      <Filter>Source Files\parser</Filter>
    </ClCompile>
    <ClCompile Include="parser\defined_conjunction.cpp">
      <Filter>Source Files\parser</Filter>
    </ClCompile>
    <ClCompile Include="parser\defined_constructor.cpp">
      <Filter>Source Files\parser</Filter>
    </ClCompile>
    <ClCompile Include="parser\defined_method.cpp">
      <Filter>Source Files\parser</Filter>
    </ClCompile>
    <ClCompile Include="parser\defined_predicate.cpp">
      <Filter>Source Files\parser</Filter>
    </ClCompile>
    <ClCompile Include="parser\enum_type.cpp">
      <Filter>Source Files\parser</Filter>
    </ClCompile>
    <ClCompile Include="parser\expression_visitor.cpp">
      <Filter>Source Files\parser</Filter>
    </ClCompile>
    <ClCompile Include="parser\instantiated_field.cpp">
      <Filter>Source Files\parser</Filter>
    </ClCompile>
    <ClCompile Include="parser\oRatioBaseListener.cpp">
      <Filter>Source Files\parser</Filter>
    </ClCompile>
    <ClCompile Include="parser\oRatioBaseVisitor.cpp">
      <Filter>Source Files\parser</Filter>
    </ClCompile>
    <ClCompile Include="parser\oRatioLexer.cpp">
      <Filter>Source Files\parser</Filter>
    </ClCompile>
    <ClCompile Include="parser\oRatioListener.cpp">
      <Filter>Source Files\parser</Filter>
    </ClCompile>
    <ClCompile Include="parser\oRatioParser.cpp">
      <Filter>Source Files\parser</Filter>
    </ClCompile>
    <ClCompile Include="parser\oRatioVisitor.cpp">
      <Filter>Source Files\parser</Filter>
    </ClCompile>
    <ClCompile Include="parser\parser.cpp">
      <Filter>Source Files\parser</Filter>
    </ClCompile>
    <ClCompile Include="parser\statement_visitor.cpp">
      <Filter>Source Files\parser</Filter>
    </ClCompile>
    <ClCompile Include="parser\type_declaration_listener.cpp">
      <Filter>Source Files\parser</Filter>
    </ClCompile>
    <ClCompile Include="parser\type_refinement_listener.cpp">
      <Filter>Source Files\parser</Filter>
    </ClCompile>
    <ClCompile Include="parser\type_visitor.cpp">
      <Filter>Source Files\parser</Filter>
    </ClCompile>
    <ClCompile Include="parser\typedef_type.cpp">
      <Filter>Source Files\parser</Filter>
    </ClCompile>
  </ItemGroup>
  <ItemGroup>
    <None Include="parser\oRatio.g4">
      <Filter>Resource Files\parser</Filter>
    </None>
    <None Include="parser\oRatio.tokens">
      <Filter>Resource Files\parser</Filter>
    </None>
    <None Include="parser\oRatioLexer.tokens">
      <Filter>Resource Files\parser</Filter>
    </None>
  </ItemGroup>
</Project>