<?xml version="1.0" encoding="utf-8"?>
<Project ToolsVersion="4.0" xmlns="http://schemas.microsoft.com/developer/msbuild/2003">
  <ItemGroup>
    <Filter Include="Source Files">
      <UniqueIdentifier>{4FC737F1-C7A5-4376-A066-2A32D752A2FF}</UniqueIdentifier>
      <Extensions>cpp;c;cc;cxx;def;odl;idl;hpj;bat;asm;asmx</Extensions>
    </Filter>
    <Filter Include="Header Files">
      <UniqueIdentifier>{93995380-89BD-4b04-88EB-625FBE52EBFB}</UniqueIdentifier>
      <Extensions>h;hh;hpp;hxx;hm;inl;inc;xsd</Extensions>
    </Filter>
    <Filter Include="Resource Files">
      <UniqueIdentifier>{67DA6AB6-F800-4c08-8B7A-83BB121AAD01}</UniqueIdentifier>
      <Extensions>rc;ico;cur;bmp;dlg;rc2;rct;bin;rgs;gif;jpg;jpeg;jpe;resx;tiff;tif;png;wav;mfcribbon-ms</Extensions>
    </Filter>
    <Filter Include="Header Files\propagators">
      <UniqueIdentifier>{10016c16-50b1-4cbf-b0ca-1371caf1ad89}</UniqueIdentifier>
    </Filter>
    <Filter Include="Source Files\propagators">
      <UniqueIdentifier>{7bd1080a-78a4-4905-a493-2a846aeec968}</UniqueIdentifier>
    </Filter>
  </ItemGroup>
  <ItemGroup>
    <ClInclude Include="interval.h">
      <Filter>Header Files</Filter>
    </ClInclude>
    <ClInclude Include="network.h">
      <Filter>Header Files</Filter>
    </ClInclude>
    <ClInclude Include="propagator.h">
      <Filter>Header Files</Filter>
    </ClInclude>
    <ClInclude Include="var.h">
      <Filter>Header Files</Filter>
    </ClInclude>
    <ClInclude Include="and_propagator.h">
      <Filter>Header Files\propagators</Filter>
    </ClInclude>
    <ClInclude Include="arith_eq_propagator.h">
      <Filter>Header Files\propagators</Filter>
    </ClInclude>
    <ClInclude Include="div_propagator.h">
      <Filter>Header Files\propagators</Filter>
    </ClInclude>
    <ClInclude Include="enum_eq_propagator.h">
      <Filter>Header Files\propagators</Filter>
    </ClInclude>
    <ClInclude Include="exct_one_propagator.h">
      <Filter>Header Files\propagators</Filter>
    </ClInclude>
    <ClInclude Include="geq_propagator.h">
      <Filter>Header Files\propagators</Filter>
    </ClInclude>
    <ClInclude Include="gt_propagator.h">
      <Filter>Header Files\propagators</Filter>
    </ClInclude>
    <ClInclude Include="leq_propagator.h">
      <Filter>Header Files\propagators</Filter>
    </ClInclude>
    <ClInclude Include="lt_propagator.h">
      <Filter>Header Files\propagators</Filter>
    </ClInclude>
    <ClInclude Include="minus_propagator.h">
      <Filter>Header Files\propagators</Filter>
    </ClInclude>
    <ClInclude Include="not_propagator.h">
      <Filter>Header Files\propagators</Filter>
    </ClInclude>
    <ClInclude Include="or_propagator.h">
      <Filter>Header Files\propagators</Filter>
    </ClInclude>
    <ClInclude Include="product_propagator.h">
      <Filter>Header Files\propagators</Filter>
    </ClInclude>
    <ClInclude Include="sum_propagator.h">
      <Filter>Header Files\propagators</Filter>
    </ClInclude>
  </ItemGroup>
  <ItemGroup>
    <ClCompile Include="interval.cpp">
      <Filter>Source Files</Filter>
    </ClCompile>
    <ClCompile Include="network.cpp">
      <Filter>Source Files</Filter>
    </ClCompile>
    <ClCompile Include="propagator.cpp">
      <Filter>Source Files</Filter>
    </ClCompile>
    <ClCompile Include="and_propagator.cpp">
      <Filter>Source Files\propagators</Filter>
    </ClCompile>
    <ClCompile Include="arith_eq_propagator.cpp">
      <Filter>Source Files\propagators</Filter>
    </ClCompile>
    <ClCompile Include="div_propagator.cpp">
      <Filter>Source Files\propagators</Filter>
    </ClCompile>
    <ClCompile Include="exct_one_propagator.cpp">
      <Filter>Source Files\propagators</Filter>
    </ClCompile>
    <ClCompile Include="geq_propagator.cpp">
      <Filter>Source Files\propagators</Filter>
    </ClCompile>
    <ClCompile Include="gt_propagator.cpp">
      <Filter>Source Files\propagators</Filter>
    </ClCompile>
    <ClCompile Include="leq_propagator.cpp">
      <Filter>Source Files\propagators</Filter>
    </ClCompile>
    <ClCompile Include="lt_propagator.cpp">
      <Filter>Source Files\propagators</Filter>
    </ClCompile>
    <ClCompile Include="minus_propagator.cpp">
      <Filter>Source Files\propagators</Filter>
    </ClCompile>
    <ClCompile Include="not_propagator.cpp">
      <Filter>Source Files\propagators</Filter>
    </ClCompile>
    <ClCompile Include="or_propagator.cpp">
      <Filter>Source Files\propagators</Filter>
    </ClCompile>
    <ClCompile Include="product_propagator.cpp">
      <Filter>Source Files\propagators</Filter>
    </ClCompile>
    <ClCompile Include="sum_propagator.cpp">
      <Filter>Source Files\propagators</Filter>
    </ClCompile>
  </ItemGroup>
  <ItemGroup>
    <Natvis Include="ac.natvis">
      <Filter>Resource Files</Filter>
    </Natvis>
  </ItemGroup>
</Project>